<?xml version="1.0" encoding="utf-8"?>
<Project ToolsVersion="4.0" xmlns="http://schemas.microsoft.com/developer/msbuild/2003">
  <ItemGroup>
    <Filter Include="Source Files">
      <UniqueIdentifier>{604d24fe-b9b8-4cfc-b11f-a843d86328b6}</UniqueIdentifier>
    </Filter>
    <Filter Include="Shaders">
      <UniqueIdentifier>{4c26721a-0e41-44aa-bf82-504ae9916ff5}</UniqueIdentifier>
    </Filter>
    <Filter Include="Shaders\Vulkan">
      <UniqueIdentifier>{73c7697d-0e9d-412c-8028-db7d1dc84b6e}</UniqueIdentifier>
    </Filter>
    <Filter Include="Scenes">
      <UniqueIdentifier>{8955f6e6-93d4-4e63-a53c-3e7e119372f0}</UniqueIdentifier>
    </Filter>
    <Filter Include="Utilities">
      <UniqueIdentifier>{6817c4f0-c4bc-4258-99c5-3d91011c3ec9}</UniqueIdentifier>
    </Filter>
    <Filter Include="Singletons">
      <UniqueIdentifier>{bd919547-9a9d-4e42-b505-9aac23d9cbad}</UniqueIdentifier>
    </Filter>
  </ItemGroup>
  <ItemGroup>
    <None Include="..\src\Final\Shaders\Vulkan\basic.frag">
      <Filter>Shaders\Vulkan</Filter>
    </None>
    <None Include="..\src\Final\Shaders\Vulkan\basic.vert">
      <Filter>Shaders\Vulkan</Filter>
    </None>
    <None Include="..\src\Final\Shaders\Vulkan\raymarching.frag">
      <Filter>Shaders\Vulkan</Filter>
    </None>
    <None Include="..\src\Final\Shaders\Vulkan\raymarching.vert">
      <Filter>Shaders\Vulkan</Filter>
    </None>
    <None Include="..\src\Final\Shaders\Vulkan\skybox.frag">
      <Filter>Shaders\Vulkan</Filter>
    </None>
    <None Include="..\src\Final\Shaders\Vulkan\skybox.vert">
      <Filter>Shaders\Vulkan</Filter>
    </None>
  </ItemGroup>
  <ItemGroup>
    <ClCompile Include="..\src\Final\Final.cpp">
      <Filter>Source Files</Filter>
    </ClCompile>
    <ClCompile Include="Utilities.cpp">
      <Filter>Utilities</Filter>
    </ClCompile>
    <ClCompile Include="SceneMain.cpp">
      <Filter>Scenes</Filter>
    </ClCompile>
    <ClCompile Include="SceneManager.cpp">
      <Filter>Singletons</Filter>
    </ClCompile>
  </ItemGroup>
  <ItemGroup>
    <ClInclude Include="Scene.h">
      <Filter>Scenes</Filter>
    </ClInclude>
    <ClInclude Include="Utilities.h">
      <Filter>Utilities</Filter>
    </ClInclude>
    <ClInclude Include="SceneMain.h">
      <Filter>Scenes</Filter>
    </ClInclude>
    <ClInclude Include="Singleton.h">
      <Filter>Singletons</Filter>
    </ClInclude>
    <ClInclude Include="SceneManager.h">
      <Filter>Singletons</Filter>
    </ClInclude>
  </ItemGroup>
</Project>