<?xml version="1.0" encoding="utf-8"?>
<Project ToolsVersion="4.0" xmlns="http://schemas.microsoft.com/developer/msbuild/2003">
  <ItemGroup>
    <Filter Include="Source Files">
      <UniqueIdentifier>{604d24fe-b9b8-4cfc-b11f-a843d86328b6}</UniqueIdentifier>
    </Filter>
    <Filter Include="Shaders">
      <UniqueIdentifier>{4c26721a-0e41-44aa-bf82-504ae9916ff5}</UniqueIdentifier>
    </Filter>
    <Filter Include="Shaders\Vulkan">
      <UniqueIdentifier>{73c7697d-0e9d-412c-8028-db7d1dc84b6e}</UniqueIdentifier>
    </Filter>
    <Filter Include="Scenes">
      <UniqueIdentifier>{8955f6e6-93d4-4e63-a53c-3e7e119372f0}</UniqueIdentifier>
    </Filter>
    <Filter Include="Utilities">
      <UniqueIdentifier>{6817c4f0-c4bc-4258-99c5-3d91011c3ec9}</UniqueIdentifier>
    </Filter>
    <Filter Include="Singletons">
      <UniqueIdentifier>{bd919547-9a9d-4e42-b505-9aac23d9cbad}</UniqueIdentifier>
    </Filter>
    <Filter Include="Rendering">
      <UniqueIdentifier>{6ff29291-79cb-4553-b310-a48499632915}</UniqueIdentifier>
    </Filter>
    <Filter Include="UI">
      <UniqueIdentifier>{62cf5bb3-fbb5-4754-8a0f-9251011934b1}</UniqueIdentifier>
    </Filter>
    <Filter Include="Management">
      <UniqueIdentifier>{ee55184c-cddf-46db-8ef2-3cba62eb3a16}</UniqueIdentifier>
    </Filter>
    <Filter Include="Interfaces">
      <UniqueIdentifier>{79cab239-d663-4bad-959b-e17275d6f709}</UniqueIdentifier>
    </Filter>
  </ItemGroup>
  <ItemGroup>
    <None Include="..\src\Final\Shaders\Vulkan\basic.frag">
      <Filter>Shaders\Vulkan</Filter>
    </None>
    <None Include="..\src\Final\Shaders\Vulkan\basic.vert">
      <Filter>Shaders\Vulkan</Filter>
    </None>
    <None Include="..\src\Final\Shaders\Vulkan\raymarching.frag">
      <Filter>Shaders\Vulkan</Filter>
    </None>
    <None Include="..\src\Final\Shaders\Vulkan\raymarching.vert">
      <Filter>Shaders\Vulkan</Filter>
    </None>
    <None Include="..\src\Final\Shaders\Vulkan\skybox.frag">
      <Filter>Shaders\Vulkan</Filter>
    </None>
    <None Include="..\src\Final\Shaders\Vulkan\skybox.vert">
      <Filter>Shaders\Vulkan</Filter>
    </None>
  </ItemGroup>
  <ItemGroup>
    <ClCompile Include="..\src\Final\Final.cpp">
      <Filter>Source Files</Filter>
    </ClCompile>
    <ClCompile Include="..\src\Final\SceneMain.cpp">
      <Filter>Scenes</Filter>
    </ClCompile>
    <ClCompile Include="..\src\Final\Utilities.cpp">
      <Filter>Utilities</Filter>
    </ClCompile>
    <ClCompile Include="..\src\Final\UIContext.cpp">
      <Filter>UI</Filter>
    </ClCompile>
    <ClCompile Include="..\src\Final\Pipeline.cpp">
      <Filter>Management</Filter>
    </ClCompile>
    <ClCompile Include="..\src\Final\PipelineManager.cpp">
      <Filter>Management</Filter>
    </ClCompile>
    <ClCompile Include="..\src\Final\RasterManager.cpp">
      <Filter>Management</Filter>
    </ClCompile>
    <ClCompile Include="..\src\Final\ShaderManager.cpp">
      <Filter>Management</Filter>
    </ClCompile>
    <ClCompile Include="..\src\Final\UniformManager.cpp">
      <Filter>Management</Filter>
    </ClCompile>
    <ClCompile Include="..\src\Final\VertexManager.cpp">
      <Filter>Management</Filter>
    </ClCompile>
    <ClCompile Include="..\src\Final\SceneManager.cpp">
      <Filter>Management</Filter>
    </ClCompile>
    <ClCompile Include="..\src\Final\QueueManager.cpp">
      <Filter>Management</Filter>
    </ClCompile>
    <ClCompile Include="..\src\Final\SynchronizationManager.cpp">
      <Filter>Management</Filter>
    </ClCompile>
    <ClCompile Include="..\src\Final\PathManager.cpp">
      <Filter>Management</Filter>
    </ClCompile>
    <ClCompile Include="..\src\Final\TextureManager.cpp">
      <Filter>Management</Filter>
    </ClCompile>
  </ItemGroup>
  <ItemGroup>
    <ClInclude Include="..\src\Final\Singleton.h">
      <Filter>Singletons</Filter>
    </ClInclude>
    <ClInclude Include="..\src\Final\Scene.h">
      <Filter>Scenes</Filter>
    </ClInclude>
    <ClInclude Include="..\src\Final\SceneMain.h">
      <Filter>Scenes</Filter>
    </ClInclude>
    <ClInclude Include="..\src\Final\Utilities.h">
      <Filter>Utilities</Filter>
    </ClInclude>
    <ClInclude Include="..\src\Final\UIContext.h">
      <Filter>UI</Filter>
    </ClInclude>
    <ClInclude Include="..\src\Final\Pipeline.h">
      <Filter>Management</Filter>
    </ClInclude>
    <ClInclude Include="..\src\Final\PipelineManager.h">
      <Filter>Management</Filter>
    </ClInclude>
    <ClInclude Include="..\src\Final\RasterManager.h">
      <Filter>Management</Filter>
    </ClInclude>
    <ClInclude Include="..\src\Final\UniformManager.h">
      <Filter>Management</Filter>
    </ClInclude>
    <ClInclude Include="..\src\Final\VertexManager.h">
      <Filter>Management</Filter>
    </ClInclude>
    <ClInclude Include="..\src\Final\ShaderManager.h">
      <Filter>Management</Filter>
    </ClInclude>
    <ClInclude Include="..\src\Final\SingletonLocal.h">
      <Filter>Singletons</Filter>
    </ClInclude>
    <ClInclude Include="..\src\Final\SceneManager.h">
      <Filter>Management</Filter>
    </ClInclude>
    <ClInclude Include="..\src\Final\QueueManager.h">
      <Filter>Management</Filter>
    </ClInclude>
    <ClInclude Include="..\src\Final\SynchronizationManager.h">
      <Filter>Management</Filter>
    </ClInclude>
    <ClInclude Include="..\src\Final\ScreenBufferDef.h" />
    <ClInclude Include="..\src\Final\PathManager.h">
      <Filter>Management</Filter>
    </ClInclude>
    <ClInclude Include="..\src\Final\TextureManager.h">
      <Filter>Management</Filter>
    </ClInclude>
    <ClInclude Include="..\src\Final\IResource.h">
      <Filter>Interfaces</Filter>
    </ClInclude>
  </ItemGroup>
</Project>